<?xml version="1.0" encoding="utf-8"?>
<Project ToolsVersion="4.0" xmlns="http://schemas.microsoft.com/developer/msbuild/2003">
  <ItemGroup>
    <Filter Include="Source Files">
      <UniqueIdentifier>{4FC737F1-C7A5-4376-A066-2A32D752A2FF}</UniqueIdentifier>
      <Extensions>cpp;c;cc;cxx;def;odl;idl;hpj;bat;asm;asmx</Extensions>
    </Filter>
    <Filter Include="Header Files">
      <UniqueIdentifier>{93995380-89BD-4b04-88EB-625FBE52EBFB}</UniqueIdentifier>
      <Extensions>h;hh;hpp;hxx;hm;inl;inc;xsd</Extensions>
    </Filter>
    <Filter Include="Resource Files">
      <UniqueIdentifier>{67DA6AB6-F800-4c08-8B7A-83BB121AAD01}</UniqueIdentifier>
      <Extensions>rc;ico;cur;bmp;dlg;rc2;rct;bin;rgs;gif;jpg;jpeg;jpe;resx;tiff;tif;png;wav;mfcribbon-ms</Extensions>
    </Filter>
    <Filter Include="Header Files\Db_models">
      <UniqueIdentifier>{f0628438-e980-4317-8622-ce65b68f9dbe}</UniqueIdentifier>
    </Filter>
    <Filter Include="Header Files\Spawns_models">
      <UniqueIdentifier>{c9ff5515-2509-4cac-bfa2-9638156639c7}</UniqueIdentifier>
    </Filter>
  </ItemGroup>
  <ItemGroup>
    <ClInclude Include="Core.h">
      <Filter>Header Files</Filter>
    </ClInclude>
    <ClInclude Include="KeyListener.h">
      <Filter>Header Files</Filter>
    </ClInclude>
    <ClInclude Include="ContentManager.h">
      <Filter>Header Files</Filter>
    </ClInclude>
    <ClInclude Include="PhysicsManager.h">
      <Filter>Header Files</Filter>
    </ClInclude>
    <ClInclude Include="TerrainGen.h">
      <Filter>Header Files</Filter>
    </ClInclude>
    <ClInclude Include="AppSettings.h">
      <Filter>Header Files</Filter>
    </ClInclude>
    <ClInclude Include="UserInterface.h">
      <Filter>Header Files</Filter>
    </ClInclude>
    <ClInclude Include="Spawns.h">
      <Filter>Header Files</Filter>
    </ClInclude>
    <ClInclude Include="MySql.h">
      <Filter>Header Files</Filter>
    </ClInclude>
    <ClInclude Include="Models.h">
      <Filter>Header Files\Db_models</Filter>
    </ClInclude>
    <ClInclude Include="SpawnWorld.h">
      <Filter>Header Files\Db_models</Filter>
    </ClInclude>
    <ClInclude Include="Bounds.h">
      <Filter>Header Files\Db_models</Filter>
    </ClInclude>
    <ClInclude Include="ConsoleReader.h">
      <Filter>Header Files</Filter>
    </ClInclude>
    <ClInclude Include="Designer.h">
      <Filter>Header Files</Filter>
    </ClInclude>
    <ClInclude Include="Sound.h">
      <Filter>Header Files</Filter>
    </ClInclude>
    <ClInclude Include="Bots.h">
      <Filter>Header Files</Filter>
    </ClInclude>
    <ClInclude Include="BotModel.h">
      <Filter>Header Files\Spawns_models</Filter>
    </ClInclude>
    <ClInclude Include="Sky.h">
      <Filter>Header Files</Filter>
    </ClInclude>
    <ClInclude Include="Water.h">
      <Filter>Header Files</Filter>
    </ClInclude>
  </ItemGroup>
  <ItemGroup>
    <ClCompile Include="Core.cpp">
      <Filter>Source Files</Filter>
    </ClCompile>
  </ItemGroup>
</Project>